
Microsoft Visual Studio Solution File, Format Version 12.00
# Visual Studio Version 17
VisualStudioVersion = 17.4.33205.214
MinimumVisualStudioVersion = 10.0.40219.1
Project("{FAE04EC0-301F-11D3-BF4B-00C04F79EFBC}") = "OSTATECZNEGUI", "OSTATECZNEGUI\OSTATECZNEGUI.csproj", "{8FA4C77D-9983-4ED0-8C27-D793D1C5CB71}"
EndProject
Global
	GlobalSection(SolutionConfigurationPlatforms) = preSolution
		Debug|Any CPU = Debug|Any CPU
		Release|Any CPU = Release|Any CPU
	EndGlobalSection
	GlobalSection(ProjectConfigurationPlatforms) = postSolution
		{8FA4C77D-9983-4ED0-8C27-D793D1C5CB71}.Debug|Any CPU.ActiveCfg = Debug|Any CPU
		{8FA4C77D-9983-4ED0-8C27-D793D1C5CB71}.Debug|Any CPU.Build.0 = Debug|Any CPU
		{8FA4C77D-9983-4ED0-8C27-D793D1C5CB71}.Release|Any CPU.ActiveCfg = Release|Any CPU
		{8FA4C77D-9983-4ED0-8C27-D793D1C5CB71}.Release|Any CPU.Build.0 = Release|Any CPU
	EndGlobalSection
	GlobalSection(SolutionProperties) = preSolution
		HideSolutionNode = FALSE
	EndGlobalSection
	GlobalSection(ExtensibilityGlobals) = postSolution
		SolutionGuid = {F7994DCD-7728-4232-8B83-39871E97EA70}
	EndGlobalSection
EndGlobal
